Microsoft Visual Studio Solution File, Format Version 12.00
# Visual Studio Version 17
VisualStudioVersion = 17.5.2.0
MinimumVisualStudioVersion = 10.0.40219.1
Project("{FAE04EC0-301F-11D3-BF4B-00C04F79EFBC}") = "Pinlty", "Pinlty.csproj", "{F93F3B0A-FE09-EBF2-7B28-CF43AAECA612}"
EndProject
Global
	GlobalSection(SolutionConfigurationPlatforms) = preSolution
		Debug|Any CPU = Debug|Any CPU
		Release|Any CPU = Release|Any CPU
	EndGlobalSection
	GlobalSection(ProjectConfigurationPlatforms) = postSolution
		{F93F3B0A-FE09-EBF2-7B28-CF43AAECA612}.Debug|Any CPU.ActiveCfg = Debug|Any CPU
		{F93F3B0A-FE09-EBF2-7B28-CF43AAECA612}.Debug|Any CPU.Build.0 = Debug|Any CPU
		{F93F3B0A-FE09-EBF2-7B28-CF43AAECA612}.Release|Any CPU.ActiveCfg = Release|Any CPU
		{F93F3B0A-FE09-EBF2-7B28-CF43AAECA612}.Release|Any CPU.Build.0 = Release|Any CPU
	EndGlobalSection
	GlobalSection(SolutionProperties) = preSolution
		HideSolutionNode = FALSE
	EndGlobalSection
	GlobalSection(ExtensibilityGlobals) = postSolution
		SolutionGuid = {30725F44-2EF1-4700-9AD9-C32058D1C120}
	EndGlobalSection
EndGlobal
